
Microsoft Visual Studio Solution File, Format Version 12.00
# Visual Studio Version 16
VisualStudioVersion = 16.0.29519.87
MinimumVisualStudioVersion = 10.0.40219.1
Project("{9A19103F-16F7-4668-BE54-9A1E7A4F7556}") = "API", "API\API.csproj", "{B1F1D708-3D58-456B-B5C6-97DDEF40FE06}"
EndProject
Project("{9A19103F-16F7-4668-BE54-9A1E7A4F7556}") = "Database", "Database\Database.csproj", "{AEDCA22B-08DB-4D57-9247-48D7D1029FDF}"
EndProject
Project("{FAE04EC0-301F-11D3-BF4B-00C04F79EFBC}") = "Repository", "Repository\Repository.csproj", "{64CF745E-6F52-44AC-AAE8-4D681D4B58D2}"
EndProject
Global
	GlobalSection(SolutionConfigurationPlatforms) = preSolution
		Debug|Any CPU = Debug|Any CPU
		Release|Any CPU = Release|Any CPU
	EndGlobalSection
	GlobalSection(ProjectConfigurationPlatforms) = postSolution
		{B1F1D708-3D58-456B-B5C6-97DDEF40FE06}.Debug|Any CPU.ActiveCfg = Debug|Any CPU
		{B1F1D708-3D58-456B-B5C6-97DDEF40FE06}.Debug|Any CPU.Build.0 = Debug|Any CPU
		{B1F1D708-3D58-456B-B5C6-97DDEF40FE06}.Release|Any CPU.ActiveCfg = Release|Any CPU
		{B1F1D708-3D58-456B-B5C6-97DDEF40FE06}.Release|Any CPU.Build.0 = Release|Any CPU
		{AEDCA22B-08DB-4D57-9247-48D7D1029FDF}.Debug|Any CPU.ActiveCfg = Debug|Any CPU
		{AEDCA22B-08DB-4D57-9247-48D7D1029FDF}.Debug|Any CPU.Build.0 = Debug|Any CPU
		{AEDCA22B-08DB-4D57-9247-48D7D1029FDF}.Release|Any CPU.ActiveCfg = Release|Any CPU
		{AEDCA22B-08DB-4D57-9247-48D7D1029FDF}.Release|Any CPU.Build.0 = Release|Any CPU
		{64CF745E-6F52-44AC-AAE8-4D681D4B58D2}.Debug|Any CPU.ActiveCfg = Debug|Any CPU
		{64CF745E-6F52-44AC-AAE8-4D681D4B58D2}.Debug|Any CPU.Build.0 = Debug|Any CPU
		{64CF745E-6F52-44AC-AAE8-4D681D4B58D2}.Release|Any CPU.ActiveCfg = Release|Any CPU
		{64CF745E-6F52-44AC-AAE8-4D681D4B58D2}.Release|Any CPU.Build.0 = Release|Any CPU
	EndGlobalSection
	GlobalSection(SolutionProperties) = preSolution
		HideSolutionNode = FALSE
	EndGlobalSection
	GlobalSection(ExtensibilityGlobals) = postSolution
		SolutionGuid = {1FA3ACF0-3446-47DB-9131-CBB08D22E144}
	EndGlobalSection
EndGlobal
